
Microsoft Visual Studio Solution File, Format Version 12.00
# Visual Studio Version 17
VisualStudioVersion = 17.8.34408.163
MinimumVisualStudioVersion = 10.0.40219.1
Project("{FAE04EC0-301F-11D3-BF4B-00C04F79EFBC}") = "ConsoleApp1", "ConsoleApp1\ConsoleApp1.csproj", "{413B642A-9F1F-4AF9-A53D-A550E3FEF6C0}"
EndProject
Project("{FAE04EC0-301F-11D3-BF4B-00C04F79EFBC}") = "ClassLibrary1", "ClassLibrary1\ClassLibrary1.csproj", "{0D2EEBE8-72CF-48CB-99FE-C861BA94E4C3}"
EndProject
Global
	GlobalSection(SolutionConfigurationPlatforms) = preSolution
		Debug|Any CPU = Debug|Any CPU
		Release|Any CPU = Release|Any CPU
	EndGlobalSection
	GlobalSection(ProjectConfigurationPlatforms) = postSolution
		{413B642A-9F1F-4AF9-A53D-A550E3FEF6C0}.Debug|Any CPU.ActiveCfg = Debug|Any CPU
		{413B642A-9F1F-4AF9-A53D-A550E3FEF6C0}.Debug|Any CPU.Build.0 = Debug|Any CPU
		{413B642A-9F1F-4AF9-A53D-A550E3FEF6C0}.Release|Any CPU.ActiveCfg = Release|Any CPU
		{413B642A-9F1F-4AF9-A53D-A550E3FEF6C0}.Release|Any CPU.Build.0 = Release|Any CPU
		{0D2EEBE8-72CF-48CB-99FE-C861BA94E4C3}.Debug|Any CPU.ActiveCfg = Debug|Any CPU
		{0D2EEBE8-72CF-48CB-99FE-C861BA94E4C3}.Debug|Any CPU.Build.0 = Debug|Any CPU
		{0D2EEBE8-72CF-48CB-99FE-C861BA94E4C3}.Release|Any CPU.ActiveCfg = Release|Any CPU
		{0D2EEBE8-72CF-48CB-99FE-C861BA94E4C3}.Release|Any CPU.Build.0 = Release|Any CPU
	EndGlobalSection
	GlobalSection(SolutionProperties) = preSolution
		HideSolutionNode = FALSE
	EndGlobalSection
	GlobalSection(ExtensibilityGlobals) = postSolution
		SolutionGuid = {3E44ECAC-5D56-4324-BCF6-9623F3AFCA49}
	EndGlobalSection
EndGlobal
